
Microsoft Visual Studio Solution File, Format Version 12.00
# Visual Studio Version 17
VisualStudioVersion = 17.10.35122.118
MinimumVisualStudioVersion = 10.0.40219.1
Project("{FAE04EC0-301F-11D3-BF4B-00C04F79EFBC}") = "FileAnalyzer", "Question2\FileAnalyzer.csproj", "{15C33829-E066-4997-AEE8-601EDD7BC670}"
EndProject
Project("{FAE04EC0-301F-11D3-BF4B-00C04F79EFBC}") = "TaskScheduler", "Question3\TaskScheduler.csproj", "{1B142629-DD2C-4C7B-87F7-F72020716488}"
EndProject
Project("{FAE04EC0-301F-11D3-BF4B-00C04F79EFBC}") = "CommandLineCalculator", "Question1\CommandLineCalculator.csproj", "{8270C0E4-ACB2-4270-A67A-FA9606009709}"
EndProject
Global
	GlobalSection(SolutionConfigurationPlatforms) = preSolution
		Debug|Any CPU = Debug|Any CPU
		Release|Any CPU = Release|Any CPU
	EndGlobalSection
	GlobalSection(ProjectConfigurationPlatforms) = postSolution
		{15C33829-E066-4997-AEE8-601EDD7BC670}.Debug|Any CPU.ActiveCfg = Debug|Any CPU
		{15C33829-E066-4997-AEE8-601EDD7BC670}.Debug|Any CPU.Build.0 = Debug|Any CPU
		{15C33829-E066-4997-AEE8-601EDD7BC670}.Release|Any CPU.ActiveCfg = Release|Any CPU
		{15C33829-E066-4997-AEE8-601EDD7BC670}.Release|Any CPU.Build.0 = Release|Any CPU
		{1B142629-DD2C-4C7B-87F7-F72020716488}.Debug|Any CPU.ActiveCfg = Debug|Any CPU
		{1B142629-DD2C-4C7B-87F7-F72020716488}.Debug|Any CPU.Build.0 = Debug|Any CPU
		{1B142629-DD2C-4C7B-87F7-F72020716488}.Release|Any CPU.ActiveCfg = Release|Any CPU
		{1B142629-DD2C-4C7B-87F7-F72020716488}.Release|Any CPU.Build.0 = Release|Any CPU
		{8270C0E4-ACB2-4270-A67A-FA9606009709}.Debug|Any CPU.ActiveCfg = Debug|Any CPU
		{8270C0E4-ACB2-4270-A67A-FA9606009709}.Debug|Any CPU.Build.0 = Debug|Any CPU
		{8270C0E4-ACB2-4270-A67A-FA9606009709}.Release|Any CPU.ActiveCfg = Release|Any CPU
		{8270C0E4-ACB2-4270-A67A-FA9606009709}.Release|Any CPU.Build.0 = Release|Any CPU
	EndGlobalSection
	GlobalSection(SolutionProperties) = preSolution
		HideSolutionNode = FALSE
	EndGlobalSection
	GlobalSection(ExtensibilityGlobals) = postSolution
		SolutionGuid = {10D1F5D8-215E-4300-B709-40D88AE51D23}
	EndGlobalSection
EndGlobal
