
Microsoft Visual Studio Solution File, Format Version 12.00
# Visual Studio Version 17
VisualStudioVersion = 17.10.35122.118
MinimumVisualStudioVersion = 10.0.40219.1
Project("{9A19103F-16F7-4668-BE54-9A1E7A4F7556}") = "FPT", "FPT.csproj", "{E9601622-4D90-4F23-A392-DB20D952A94C}"
EndProject
Global
	GlobalSection(SolutionConfigurationPlatforms) = preSolution
		Debug|Any CPU = Debug|Any CPU
		Release|Any CPU = Release|Any CPU
	EndGlobalSection
	GlobalSection(ProjectConfigurationPlatforms) = postSolution
		{E9601622-4D90-4F23-A392-DB20D952A94C}.Debug|Any CPU.ActiveCfg = Debug|Any CPU
		{E9601622-4D90-4F23-A392-DB20D952A94C}.Debug|Any CPU.Build.0 = Debug|Any CPU
		{E9601622-4D90-4F23-A392-DB20D952A94C}.Release|Any CPU.ActiveCfg = Release|Any CPU
		{E9601622-4D90-4F23-A392-DB20D952A94C}.Release|Any CPU.Build.0 = Release|Any CPU
	EndGlobalSection
	GlobalSection(SolutionProperties) = preSolution
		HideSolutionNode = FALSE
	EndGlobalSection
	GlobalSection(ExtensibilityGlobals) = postSolution
		SolutionGuid = {EC6FCE26-1B43-4AFE-B3F3-84ACA0D78287}
	EndGlobalSection
EndGlobal
